version = 1
revision = 1
requires-python = ">=3.12"

[[package]]
name = "allpairspy"
version = "2.5.1"
source = { registry = "https://sixtynorthartifactory1.jfrog.io/artifactory/api/pypi/python-packages/simple" }
sdist = { url = "https://sixtynorthartifactory1.jfrog.io/artifactory/api/pypi/python-packages/packages/packages/ea/9e/a5a536c22f56cdbbb0236889cff33915e20fb93a0526887367b38e91122e/allpairspy-2.5.1.tar.gz", hash = "sha256:f69d31a3b56eee119d1ec6063e9c732dd44fbba352ef738cb22d9699fc4009fe" }
wheels = [
    { url = "https://sixtynorthartifactory1.jfrog.io/artifactory/api/pypi/python-packages/packages/packages/5a/1a/fedf0f2ff77ec65e599112b2d5402fee5c166d9378b51760b696bd8cde1d/allpairspy-2.5.1-py3-none-any.whl", hash = "sha256:3f97cbac2bbee86f4bfceffd0fd91dca740a120c78e9368af2bad81a2b3426e2" },
]

[[package]]
name = "approval-utilities"
version = "15.3.2"
source = { registry = "https://sixtynorthartifactory1.jfrog.io/artifactory/api/pypi/python-packages/simple" }
sdist = { url = "https://sixtynorthartifactory1.jfrog.io/artifactory/api/pypi/python-packages/packages/packages/95/c7/414b2f28980df772008c2cbb7a34ff225662d48eeb28e3d078faff829d3f/approval_utilities-15.3.2.tar.gz", hash = "sha256:e783163e1ad8fb784ee41eaf6b335585843fa531ddb80fc426eaad47cd3e2861" }
wheels = [
    { url = "https://sixtynorthartifactory1.jfrog.io/artifactory/api/pypi/python-packages/packages/packages/6d/90/76e95961905ddf2635f89affd9176ae47a7affa93ad28d1c4eb939776dc8/approval_utilities-15.3.2-py3-none-any.whl", hash = "sha256:f56bf63c8b048586547354d3320ea71718f9f9acf4e0c622113bf86f99b7ba72" },
]

[[package]]
name = "approvaltests"
version = "15.3.2"
source = { registry = "https://sixtynorthartifactory1.jfrog.io/artifactory/api/pypi/python-packages/simple" }
dependencies = [
    { name = "allpairspy" },
    { name = "approval-utilities" },
    { name = "beautifulsoup4" },
    { name = "empty-files" },
    { name = "mock" },
    { name = "pyperclip" },
    { name = "pytest" },
    { name = "testfixtures" },
    { name = "typing-extensions" },
]
sdist = { url = "https://sixtynorthartifactory1.jfrog.io/artifactory/api/pypi/python-packages/packages/packages/53/af/8b51b58f99356052fd60df55370e1a251d96e1cb4592179257b0b5eadabc/approvaltests-15.3.2.tar.gz", hash = "sha256:e5bd42517f9b93f371497049af44f11bf5669edadeb31fa7675aa9917697cf15" }
wheels = [
    { url = "https://sixtynorthartifactory1.jfrog.io/artifactory/api/pypi/python-packages/packages/packages/1b/5b/7998c7425b6bd484a4900676d959edc7b131e7be8b4de8c0cce886b392fe/approvaltests-15.3.2-py3-none-any.whl", hash = "sha256:ac9e2da587b1f1c3f72b1199afd8d03ea651fd7855de389b167988bc9a97e1fa" },
]

[[package]]
name = "beautifulsoup4"
version = "4.13.5"
source = { registry = "https://sixtynorthartifactory1.jfrog.io/artifactory/api/pypi/python-packages/simple" }
dependencies = [
    { name = "soupsieve" },
    { name = "typing-extensions" },
]
sdist = { url = "https://sixtynorthartifactory1.jfrog.io/artifactory/api/pypi/python-packages/packages/packages/85/2e/3e5079847e653b1f6dc647aa24549d68c6addb4c595cc0d902d1b19308ad/beautifulsoup4-4.13.5.tar.gz", hash = "sha256:5e70131382930e7c3de33450a2f54a63d5e4b19386eab43a5b34d594268f3695" }
wheels = [
    { url = "https://sixtynorthartifactory1.jfrog.io/artifactory/api/pypi/python-packages/packages/packages/04/eb/f4151e0c7377a6e08a38108609ba5cede57986802757848688aeedd1b9e8/beautifulsoup4-4.13.5-py3-none-any.whl", hash = "sha256:642085eaa22233aceadff9c69651bc51e8bf3f874fb6d7104ece2beb24b47c4a" },
]

[[package]]
name = "certifi"
version = "2025.8.3"
source = { registry = "https://sixtynorthartifactory1.jfrog.io/artifactory/api/pypi/python-packages/simple" }
sdist = { url = "https://sixtynorthartifactory1.jfrog.io/artifactory/api/pypi/python-packages/packages/packages/dc/67/960ebe6bf230a96cda2e0abcf73af550ec4f090005363542f0765df162e0/certifi-2025.8.3.tar.gz", hash = "sha256:e564105f78ded564e3ae7c923924435e1daa7463faeab5bb932bc53ffae63407" }
wheels = [
    { url = "https://sixtynorthartifactory1.jfrog.io/artifactory/api/pypi/python-packages/packages/packages/e5/48/1549795ba7742c948d2ad169c1c8cdbae65bc450d6cd753d124b17c8cd32/certifi-2025.8.3-py3-none-any.whl", hash = "sha256:f6c12493cfb1b06ba2ff328595af9350c65d6644968e5d3a2ffd78699af217a5" },
]

[[package]]
name = "charset-normalizer"
version = "3.4.3"
source = { registry = "https://sixtynorthartifactory1.jfrog.io/artifactory/api/pypi/python-packages/simple" }
sdist = { url = "https://sixtynorthartifactory1.jfrog.io/artifactory/api/pypi/python-packages/packages/packages/83/2d/5fd176ceb9b2fc619e63405525573493ca23441330fcdaee6bef9460e924/charset_normalizer-3.4.3.tar.gz", hash = "sha256:6fce4b8500244f6fcb71465d4a4930d132ba9ab8e71a7859e6a5d59851068d14" }
wheels = [
    { url = "https://sixtynorthartifactory1.jfrog.io/artifactory/api/pypi/python-packages/packages/packages/e9/5e/14c94999e418d9b87682734589404a25854d5f5d0408df68bc15b6ff54bb/charset_normalizer-3.4.3-cp312-cp312-macosx_10_13_universal2.whl", hash = "sha256:e28e334d3ff134e88989d90ba04b47d84382a828c061d0d1027b1b12a62b39b1" },
    { url = "https://sixtynorthartifactory1.jfrog.io/artifactory/api/pypi/python-packages/packages/packages/7d/a8/c6ec5d389672521f644505a257f50544c074cf5fc292d5390331cd6fc9c3/charset_normalizer-3.4.3-cp312-cp312-manylinux2014_aarch64.manylinux_2_17_aarch64.manylinux_2_28_aarch64.whl", hash = "sha256:0cacf8f7297b0c4fcb74227692ca46b4a5852f8f4f24b3c766dd94a1075c4884" },
    { url = "https://sixtynorthartifactory1.jfrog.io/artifactory/api/pypi/python-packages/packages/packages/fc/eb/a2ffb08547f4e1e5415fb69eb7db25932c52a52bed371429648db4d84fb1/charset_normalizer-3.4.3-cp312-cp312-manylinux2014_ppc64le.manylinux_2_17_ppc64le.manylinux_2_28_ppc64le.whl", hash = "sha256:c6fd51128a41297f5409deab284fecbe5305ebd7e5a1f959bee1c054622b7018" },
    { url = "https://sixtynorthartifactory1.jfrog.io/artifactory/api/pypi/python-packages/packages/packages/82/10/0fd19f20c624b278dddaf83b8464dcddc2456cb4b02bb902a6da126b87a1/charset_normalizer-3.4.3-cp312-cp312-manylinux2014_s390x.manylinux_2_17_s390x.manylinux_2_28_s390x.whl", hash = "sha256:3cfb2aad70f2c6debfbcb717f23b7eb55febc0bb23dcffc0f076009da10c6392" },
    { url = "https://sixtynorthartifactory1.jfrog.io/artifactory/api/pypi/python-packages/packages/packages/16/ab/0233c3231af734f5dfcf0844aa9582d5a1466c985bbed6cedab85af9bfe3/charset_normalizer-3.4.3-cp312-cp312-manylinux2014_x86_64.manylinux_2_17_x86_64.manylinux_2_28_x86_64.whl", hash = "sha256:1606f4a55c0fd363d754049cdf400175ee96c992b1f8018b993941f221221c5f" },
    { url = "https://sixtynorthartifactory1.jfrog.io/artifactory/api/pypi/python-packages/packages/packages/ae/02/e29e22b4e02839a0e4a06557b1999d0a47db3567e82989b5bb21f3fbbd9f/charset_normalizer-3.4.3-cp312-cp312-musllinux_1_2_aarch64.whl", hash = "sha256:027b776c26d38b7f15b26a5da1044f376455fb3766df8fc38563b4efbc515154" },
    { url = "https://sixtynorthartifactory1.jfrog.io/artifactory/api/pypi/python-packages/packages/packages/05/6b/e2539a0a4be302b481e8cafb5af8792da8093b486885a1ae4d15d452bcec/charset_normalizer-3.4.3-cp312-cp312-musllinux_1_2_ppc64le.whl", hash = "sha256:42e5088973e56e31e4fa58eb6bd709e42fc03799c11c42929592889a2e54c491" },
    { url = "https://sixtynorthartifactory1.jfrog.io/artifactory/api/pypi/python-packages/packages/packages/31/e7/883ee5676a2ef217a40ce0bffcc3d0dfbf9e64cbcfbdf822c52981c3304b/charset_normalizer-3.4.3-cp312-cp312-musllinux_1_2_s390x.whl", hash = "sha256:cc34f233c9e71701040d772aa7490318673aa7164a0efe3172b2981218c26d93" },
    { url = "https://sixtynorthartifactory1.jfrog.io/artifactory/api/pypi/python-packages/packages/packages/c1/35/6525b21aa0db614cf8b5792d232021dca3df7f90a1944db934efa5d20bb1/charset_normalizer-3.4.3-cp312-cp312-musllinux_1_2_x86_64.whl", hash = "sha256:320e8e66157cc4e247d9ddca8e21f427efc7a04bbd0ac8a9faf56583fa543f9f" },
    { url = "https://sixtynorthartifactory1.jfrog.io/artifactory/api/pypi/python-packages/packages/packages/50/ee/f4704bad8201de513fdc8aac1cabc87e38c5818c93857140e06e772b5892/charset_normalizer-3.4.3-cp312-cp312-win32.whl", hash = "sha256:fb6fecfd65564f208cbf0fba07f107fb661bcd1a7c389edbced3f7a493f70e37" },
    { url = "https://sixtynorthartifactory1.jfrog.io/artifactory/api/pypi/python-packages/packages/packages/39/f5/3b3836ca6064d0992c58c7561c6b6eee1b3892e9665d650c803bd5614522/charset_normalizer-3.4.3-cp312-cp312-win_amd64.whl", hash = "sha256:86df271bf921c2ee3818f0522e9a5b8092ca2ad8b065ece5d7d9d0e9f4849bcc" },
    { url = "https://sixtynorthartifactory1.jfrog.io/artifactory/api/pypi/python-packages/packages/packages/65/ca/2135ac97709b400c7654b4b764daf5c5567c2da45a30cdd20f9eefe2d658/charset_normalizer-3.4.3-cp313-cp313-macosx_10_13_universal2.whl", hash = "sha256:14c2a87c65b351109f6abfc424cab3927b3bdece6f706e4d12faaf3d52ee5efe" },
    { url = "https://sixtynorthartifactory1.jfrog.io/artifactory/api/pypi/python-packages/packages/packages/71/11/98a04c3c97dd34e49c7d247083af03645ca3730809a5509443f3c37f7c99/charset_normalizer-3.4.3-cp313-cp313-manylinux2014_aarch64.manylinux_2_17_aarch64.manylinux_2_28_aarch64.whl", hash = "sha256:41d1fc408ff5fdfb910200ec0e74abc40387bccb3252f3f27c0676731df2b2c8" },
    { url = "https://sixtynorthartifactory1.jfrog.io/artifactory/api/pypi/python-packages/packages/packages/60/f5/4659a4cb3c4ec146bec80c32d8bb16033752574c20b1252ee842a95d1a1e/charset_normalizer-3.4.3-cp313-cp313-manylinux2014_ppc64le.manylinux_2_17_ppc64le.manylinux_2_28_ppc64le.whl", hash = "sha256:1bb60174149316da1c35fa5233681f7c0f9f514509b8e399ab70fea5f17e45c9" },
    { url = "https://sixtynorthartifactory1.jfrog.io/artifactory/api/pypi/python-packages/packages/packages/86/9e/f552f7a00611f168b9a5865a1414179b2c6de8235a4fa40189f6f79a1753/charset_normalizer-3.4.3-cp313-cp313-manylinux2014_s390x.manylinux_2_17_s390x.manylinux_2_28_s390x.whl", hash = "sha256:30d006f98569de3459c2fc1f2acde170b7b2bd265dc1943e87e1a4efe1b67c31" },
    { url = "https://sixtynorthartifactory1.jfrog.io/artifactory/api/pypi/python-packages/packages/packages/7e/95/42aa2156235cbc8fa61208aded06ef46111c4d3f0de233107b3f38631803/charset_normalizer-3.4.3-cp313-cp313-manylinux2014_x86_64.manylinux_2_17_x86_64.manylinux_2_28_x86_64.whl", hash = "sha256:416175faf02e4b0810f1f38bcb54682878a4af94059a1cd63b8747244420801f" },
    { url = "https://sixtynorthartifactory1.jfrog.io/artifactory/api/pypi/python-packages/packages/packages/c2/a9/3865b02c56f300a6f94fc631ef54f0a8a29da74fb45a773dfd3dcd380af7/charset_normalizer-3.4.3-cp313-cp313-musllinux_1_2_aarch64.whl", hash = "sha256:6aab0f181c486f973bc7262a97f5aca3ee7e1437011ef0c2ec04b5a11d16c927" },
    { url = "https://sixtynorthartifactory1.jfrog.io/artifactory/api/pypi/python-packages/packages/packages/77/d9/cbcf1a2a5c7d7856f11e7ac2d782aec12bdfea60d104e60e0aa1c97849dc/charset_normalizer-3.4.3-cp313-cp313-musllinux_1_2_ppc64le.whl", hash = "sha256:fdabf8315679312cfa71302f9bd509ded4f2f263fb5b765cf1433b39106c3cc9" },
    { url = "https://sixtynorthartifactory1.jfrog.io/artifactory/api/pypi/python-packages/packages/packages/f6/42/6f45efee8697b89fda4d50580f292b8f7f9306cb2971d4b53f8914e4d890/charset_normalizer-3.4.3-cp313-cp313-musllinux_1_2_s390x.whl", hash = "sha256:bd28b817ea8c70215401f657edef3a8aa83c29d447fb0b622c35403780ba11d5" },
    { url = "https://sixtynorthartifactory1.jfrog.io/artifactory/api/pypi/python-packages/packages/packages/70/99/f1c3bdcfaa9c45b3ce96f70b14f070411366fa19549c1d4832c935d8e2c3/charset_normalizer-3.4.3-cp313-cp313-musllinux_1_2_x86_64.whl", hash = "sha256:18343b2d246dc6761a249ba1fb13f9ee9a2bcd95decc767319506056ea4ad4dc" },
    { url = "https://sixtynorthartifactory1.jfrog.io/artifactory/api/pypi/python-packages/packages/packages/a3/ad/b0081f2f99a4b194bcbb1934ef3b12aa4d9702ced80a37026b7607c72e58/charset_normalizer-3.4.3-cp313-cp313-win32.whl", hash = "sha256:6fb70de56f1859a3f71261cbe41005f56a7842cc348d3aeb26237560bfa5e0ce" },
    { url = "https://sixtynorthartifactory1.jfrog.io/artifactory/api/pypi/python-packages/packages/packages/9a/8f/ae790790c7b64f925e5c953b924aaa42a243fb778fed9e41f147b2a5715a/charset_normalizer-3.4.3-cp313-cp313-win_amd64.whl", hash = "sha256:cf1ebb7d78e1ad8ec2a8c4732c7be2e736f6e5123a4146c5b89c9d1f585f8cef" },
    { url = "https://sixtynorthartifactory1.jfrog.io/artifactory/api/pypi/python-packages/packages/packages/8e/91/b5a06ad970ddc7a0e513112d40113e834638f4ca1120eb727a249fb2715e/charset_normalizer-3.4.3-cp314-cp314-macosx_10_13_universal2.whl", hash = "sha256:3cd35b7e8aedeb9e34c41385fda4f73ba609e561faedfae0a9e75e44ac558a15" },
    { url = "https://sixtynorthartifactory1.jfrog.io/artifactory/api/pypi/python-packages/packages/packages/ce/ec/1edc30a377f0a02689342f214455c3f6c2fbedd896a1d2f856c002fc3062/charset_normalizer-3.4.3-cp314-cp314-manylinux2014_aarch64.manylinux_2_17_aarch64.manylinux_2_28_aarch64.whl", hash = "sha256:b89bc04de1d83006373429975f8ef9e7932534b8cc9ca582e4db7d20d91816db" },
    { url = "https://sixtynorthartifactory1.jfrog.io/artifactory/api/pypi/python-packages/packages/packages/17/e5/5e67ab85e6d22b04641acb5399c8684f4d37caf7558a53859f0283a650e9/charset_normalizer-3.4.3-cp314-cp314-manylinux2014_ppc64le.manylinux_2_17_ppc64le.manylinux_2_28_ppc64le.whl", hash = "sha256:2001a39612b241dae17b4687898843f254f8748b796a2e16f1051a17078d991d" },
    { url = "https://sixtynorthartifactory1.jfrog.io/artifactory/api/pypi/python-packages/packages/packages/f1/e5/38421987f6c697ee3722981289d554957c4be652f963d71c5e46a262e135/charset_normalizer-3.4.3-cp314-cp314-manylinux2014_s390x.manylinux_2_17_s390x.manylinux_2_28_s390x.whl", hash = "sha256:8dcfc373f888e4fb39a7bc57e93e3b845e7f462dacc008d9749568b1c4ece096" },
    { url = "https://sixtynorthartifactory1.jfrog.io/artifactory/api/pypi/python-packages/packages/packages/a0/e4/5a075de8daa3ec0745a9a3b54467e0c2967daaaf2cec04c845f73493e9a1/charset_normalizer-3.4.3-cp314-cp314-manylinux2014_x86_64.manylinux_2_17_x86_64.manylinux_2_28_x86_64.whl", hash = "sha256:18b97b8404387b96cdbd30ad660f6407799126d26a39ca65729162fd810a99aa" },
    { url = "https://sixtynorthartifactory1.jfrog.io/artifactory/api/pypi/python-packages/packages/packages/02/f7/3611b32318b30974131db62b4043f335861d4d9b49adc6d57c1149cc49d4/charset_normalizer-3.4.3-cp314-cp314-musllinux_1_2_aarch64.whl", hash = "sha256:ccf600859c183d70eb47e05a44cd80a4ce77394d1ac0f79dbd2dd90a69a3a049" },
    { url = "https://sixtynorthartifactory1.jfrog.io/artifactory/api/pypi/python-packages/packages/packages/7e/61/19b36f4bd67f2793ab6a99b979b4e4f3d8fc754cbdffb805335df4337126/charset_normalizer-3.4.3-cp314-cp314-musllinux_1_2_ppc64le.whl", hash = "sha256:53cd68b185d98dde4ad8990e56a58dea83a4162161b1ea9272e5c9182ce415e0" },
    { url = "https://sixtynorthartifactory1.jfrog.io/artifactory/api/pypi/python-packages/packages/packages/06/57/84722eefdd338c04cf3030ada66889298eaedf3e7a30a624201e0cbe424a/charset_normalizer-3.4.3-cp314-cp314-musllinux_1_2_s390x.whl", hash = "sha256:30a96e1e1f865f78b030d65241c1ee850cdf422d869e9028e2fc1d5e4db73b92" },
    { url = "https://sixtynorthartifactory1.jfrog.io/artifactory/api/pypi/python-packages/packages/packages/72/2a/aff5dd112b2f14bcc3462c312dce5445806bfc8ab3a7328555da95330e4b/charset_normalizer-3.4.3-cp314-cp314-musllinux_1_2_x86_64.whl", hash = "sha256:d716a916938e03231e86e43782ca7878fb602a125a91e7acb8b5112e2e96ac16" },
    { url = "https://sixtynorthartifactory1.jfrog.io/artifactory/api/pypi/python-packages/packages/packages/b7/8c/9839225320046ed279c6e839d51f028342eb77c91c89b8ef2549f951f3ec/charset_normalizer-3.4.3-cp314-cp314-win32.whl", hash = "sha256:c6dbd0ccdda3a2ba7c2ecd9d77b37f3b5831687d8dc1b6ca5f56a4880cc7b7ce" },
    { url = "https://sixtynorthartifactory1.jfrog.io/artifactory/api/pypi/python-packages/packages/packages/ee/7a/36fbcf646e41f710ce0a563c1c9a343c6edf9be80786edeb15b6f62e17db/charset_normalizer-3.4.3-cp314-cp314-win_amd64.whl", hash = "sha256:73dc19b562516fc9bcf6e5d6e596df0b4eb98d87e4f79f3ae71840e6ed21361c" },
    { url = "https://sixtynorthartifactory1.jfrog.io/artifactory/api/pypi/python-packages/packages/packages/8a/1f/f041989e93b001bc4e44bb1669ccdcf54d3f00e628229a85b08d330615c5/charset_normalizer-3.4.3-py3-none-any.whl", hash = "sha256:ce571ab16d890d23b5c278547ba694193a45011ff86a9162a71307ed9f86759a" },
]

[[package]]
name = "click"
version = "8.2.1"
source = { registry = "https://sixtynorthartifactory1.jfrog.io/artifactory/api/pypi/python-packages/simple" }
dependencies = [
    { name = "colorama", marker = "sys_platform == 'win32'" },
]
sdist = { url = "https://sixtynorthartifactory1.jfrog.io/artifactory/api/pypi/python-packages/packages/packages/60/6c/8ca2efa64cf75a977a0d7fac081354553ebe483345c734fb6b6515d96bbc/click-8.2.1.tar.gz", hash = "sha256:27c491cc05d968d271d5a1db13e3b5a184636d9d930f148c50b038f0d0646202" }
wheels = [
    { url = "https://sixtynorthartifactory1.jfrog.io/artifactory/api/pypi/python-packages/packages/packages/85/32/10bb5764d90a8eee674e9dc6f4db6a0ab47c8c4d0d83c27f7c39ac415a4d/click-8.2.1-py3-none-any.whl", hash = "sha256:61a3265b914e850b85317d0b3109c7f8cd35a670f963866005d6ef1d5175a12b" },
]

[[package]]
name = "colorama"
version = "0.4.6"
source = { registry = "https://sixtynorthartifactory1.jfrog.io/artifactory/api/pypi/python-packages/simple" }
sdist = { url = "https://sixtynorthartifactory1.jfrog.io/artifactory/api/pypi/python-packages/packages/packages/d8/53/6f443c9a4a8358a93a6792e2acffb9d9d5cb0a5cfd8802644b7b1c9a02e4/colorama-0.4.6.tar.gz", hash = "sha256:08695f5cb7ed6e0531a20572697297273c47b8cae5a63ffc6d6ed5c201be6e44" }
wheels = [
    { url = "https://sixtynorthartifactory1.jfrog.io/artifactory/api/pypi/python-packages/packages/packages/d1/d6/3965ed04c63042e047cb6a3e6ed1a63a35087b6a609aa3a15ed8ac56c221/colorama-0.4.6-py2.py3-none-any.whl", hash = "sha256:4f1d9991f5acc0ca119f9d443620b77f9d6b33703e51011c16baf57afb285fc6" },
]

[[package]]
name = "empty-files"
version = "0.0.9"
source = { registry = "https://sixtynorthartifactory1.jfrog.io/artifactory/api/pypi/python-packages/simple" }
dependencies = [
    { name = "requests" },
]
sdist = { url = "https://sixtynorthartifactory1.jfrog.io/artifactory/api/pypi/python-packages/packages/packages/0e/19/ac55ab18403da2885b3fd5baa7974b12d8a3c59ee56ea185a9a80632839b/empty-files-0.0.9.tar.gz", hash = "sha256:22e74de327271ef9592a661aaa53bb1d5fa6cfd539dac7315625c8b30b7292ae" }
wheels = [
    { url = "https://sixtynorthartifactory1.jfrog.io/artifactory/api/pypi/python-packages/packages/packages/3c/4c/d5b6973c9f10992a2aee9c4cb542b25ebdabe907243d6c9650c89dbf578b/empty_files-0.0.9-py3-none-any.whl", hash = "sha256:9af04feacd5858d1255a00e76926a2d760f6d05c3c5a8df58abd6be21da742c2" },
]

[[package]]
name = "idna"
version = "3.10"
source = { registry = "https://sixtynorthartifactory1.jfrog.io/artifactory/api/pypi/python-packages/simple" }
sdist = { url = "https://sixtynorthartifactory1.jfrog.io/artifactory/api/pypi/python-packages/packages/packages/f1/70/7703c29685631f5a7590aa73f1f1d3fa9a380e654b86af429e0934a32f7d/idna-3.10.tar.gz", hash = "sha256:12f65c9b470abda6dc35cf8e63cc574b1c52b11df2c86030af0ac09b01b13ea9" }
wheels = [
    { url = "https://sixtynorthartifactory1.jfrog.io/artifactory/api/pypi/python-packages/packages/packages/76/c6/c88e154df9c4e1a2a66ccf0005a88dfb2650c1dffb6f5ce603dfbd452ce3/idna-3.10-py3-none-any.whl", hash = "sha256:946d195a0d259cbba61165e88e65941f16e9b36ea6ddb97f00452bae8b1287d3" },
]

[[package]]
name = "iniconfig"
version = "2.1.0"
source = { registry = "https://sixtynorthartifactory1.jfrog.io/artifactory/api/pypi/python-packages/simple" }
sdist = { url = "https://sixtynorthartifactory1.jfrog.io/artifactory/api/pypi/python-packages/packages/packages/f2/97/ebf4da567aa6827c909642694d71c9fcf53e5b504f2d96afea02718862f3/iniconfig-2.1.0.tar.gz", hash = "sha256:3abbd2e30b36733fee78f9c7f7308f2d0050e88f0087fd25c2645f63c773e1c7" }
wheels = [
    { url = "https://sixtynorthartifactory1.jfrog.io/artifactory/api/pypi/python-packages/packages/packages/2c/e1/e6716421ea10d38022b952c159d5161ca1193197fb744506875fbb87ea7b/iniconfig-2.1.0-py3-none-any.whl", hash = "sha256:9deba5723312380e77435581c6bf4935c94cbfab9b1ed33ef8d238ea168eb760" },
]

[[package]]
name = "lxml"
version = "6.0.1"
source = { registry = "https://sixtynorthartifactory1.jfrog.io/artifactory/api/pypi/python-packages/simple" }
sdist = { url = "https://sixtynorthartifactory1.jfrog.io/artifactory/api/pypi/python-packages/packages/packages/8f/bd/f9d01fd4132d81c6f43ab01983caea69ec9614b913c290a26738431a015d/lxml-6.0.1.tar.gz", hash = "sha256:2b3a882ebf27dd026df3801a87cf49ff791336e0f94b0fad195db77e01240690" }
wheels = [
    { url = "https://sixtynorthartifactory1.jfrog.io/artifactory/api/pypi/python-packages/packages/packages/b0/a9/82b244c8198fcdf709532e39a1751943a36b3e800b420adc739d751e0299/lxml-6.0.1-cp312-cp312-macosx_10_13_universal2.whl", hash = "sha256:c03ac546adaabbe0b8e4a15d9ad815a281afc8d36249c246aecf1aaad7d6f200" },
    { url = "https://sixtynorthartifactory1.jfrog.io/artifactory/api/pypi/python-packages/packages/packages/c9/8d/1ed2bc20281b0e7ed3e6c12b0a16e64ae2065d99be075be119ba88486e6d/lxml-6.0.1-cp312-cp312-macosx_10_13_x86_64.whl", hash = "sha256:33b862c7e3bbeb4ba2c96f3a039f925c640eeba9087a4dc7a572ec0f19d89392" },
    { url = "https://sixtynorthartifactory1.jfrog.io/artifactory/api/pypi/python-packages/packages/packages/76/53/d7fd3af95b72a3493bf7fbe842a01e339d8f41567805cecfecd5c71aa5ee/lxml-6.0.1-cp312-cp312-manylinux2014_aarch64.manylinux_2_17_aarch64.whl", hash = "sha256:7a3ec1373f7d3f519de595032d4dcafae396c29407cfd5073f42d267ba32440d" },
    { url = "https://sixtynorthartifactory1.jfrog.io/artifactory/api/pypi/python-packages/packages/packages/9d/51/4e57cba4d55273c400fb63aefa2f0d08d15eac021432571a7eeefee67bed/lxml-6.0.1-cp312-cp312-manylinux2014_x86_64.manylinux_2_17_x86_64.whl", hash = "sha256:03b12214fb1608f4cffa181ec3d046c72f7e77c345d06222144744c122ded870" },
    { url = "https://sixtynorthartifactory1.jfrog.io/artifactory/api/pypi/python-packages/packages/packages/f6/6e/5f290bc26fcc642bc32942e903e833472271614e24d64ad28aaec09d5dae/lxml-6.0.1-cp312-cp312-manylinux_2_26_aarch64.manylinux_2_28_aarch64.whl", hash = "sha256:207ae0d5f0f03b30f95e649a6fa22aa73f5825667fee9c7ec6854d30e19f2ed8" },
    { url = "https://sixtynorthartifactory1.jfrog.io/artifactory/api/pypi/python-packages/packages/packages/13/d4/2e7551a86992ece4f9a0f6eebd4fb7e312d30f1e372760e2109e721d4ce6/lxml-6.0.1-cp312-cp312-manylinux_2_26_i686.manylinux_2_28_i686.whl", hash = "sha256:32297b09ed4b17f7b3f448de87a92fb31bb8747496623483788e9f27c98c0f00" },
    { url = "https://sixtynorthartifactory1.jfrog.io/artifactory/api/pypi/python-packages/packages/packages/8a/5f/cb49d727fc388bf5fd37247209bab0da11697ddc5e976ccac4826599939e/lxml-6.0.1-cp312-cp312-manylinux_2_26_ppc64le.manylinux_2_28_ppc64le.whl", hash = "sha256:7e18224ea241b657a157c85e9cac82c2b113ec90876e01e1f127312006233756" },
    { url = "https://sixtynorthartifactory1.jfrog.io/artifactory/api/pypi/python-packages/packages/packages/ca/b8/66c1ef8c87ad0f958b0a23998851e610607c74849e75e83955d5641272e6/lxml-6.0.1-cp312-cp312-manylinux_2_26_x86_64.manylinux_2_28_x86_64.whl", hash = "sha256:a07a994d3c46cd4020c1ea566345cf6815af205b1e948213a4f0f1d392182072" },
    { url = "https://sixtynorthartifactory1.jfrog.io/artifactory/api/pypi/python-packages/packages/packages/1a/ef/131d3d6b9590e64fdbb932fbc576b81fcc686289da19c7cb796257310e82/lxml-6.0.1-cp312-cp312-manylinux_2_31_armv7l.whl", hash = "sha256:2287fadaa12418a813b05095485c286c47ea58155930cfbd98c590d25770e225" },
    { url = "https://sixtynorthartifactory1.jfrog.io/artifactory/api/pypi/python-packages/packages/packages/bc/3f/07f48ae422dce44902309aa7ed386c35310929dc592439c403ec16ef9137/lxml-6.0.1-cp312-cp312-manylinux_2_38_riscv64.manylinux_2_39_riscv64.whl", hash = "sha256:b4e597efca032ed99f418bd21314745522ab9fa95af33370dcee5533f7f70136" },
    { url = "https://sixtynorthartifactory1.jfrog.io/artifactory/api/pypi/python-packages/packages/packages/11/c7/125315d7b14ab20d9155e8316f7d287a4956098f787c22d47560b74886c4/lxml-6.0.1-cp312-cp312-musllinux_1_2_aarch64.whl", hash = "sha256:9696d491f156226decdd95d9651c6786d43701e49f32bf23715c975539aa2b3b" },
    { url = "https://sixtynorthartifactory1.jfrog.io/artifactory/api/pypi/python-packages/packages/packages/8b/c3/51143c3a5fc5168a7c3ee626418468ff20d30f5a59597e7b156c1e61fba8/lxml-6.0.1-cp312-cp312-musllinux_1_2_armv7l.whl", hash = "sha256:e4e3cd3585f3c6f87cdea44cda68e692cc42a012f0131d25957ba4ce755241a7" },
    { url = "https://sixtynorthartifactory1.jfrog.io/artifactory/api/pypi/python-packages/packages/packages/11/86/73102370a420ec4529647b31c4a8ce8c740c77af3a5fae7a7643212d6f6e/lxml-6.0.1-cp312-cp312-musllinux_1_2_ppc64le.whl", hash = "sha256:45cbc92f9d22c28cd3b97f8d07fcefa42e569fbd587dfdac76852b16a4924277" },
    { url = "https://sixtynorthartifactory1.jfrog.io/artifactory/api/pypi/python-packages/packages/packages/d7/2d/aad90afaec51029aef26ef773b8fd74a9e8706e5e2f46a57acd11a421c02/lxml-6.0.1-cp312-cp312-musllinux_1_2_riscv64.whl", hash = "sha256:f8c9bcfd2e12299a442fba94459adf0b0d001dbc68f1594439bfa10ad1ecb74b" },
    { url = "https://sixtynorthartifactory1.jfrog.io/artifactory/api/pypi/python-packages/packages/packages/63/01/c9e42c8c2d8b41f4bdefa42ab05448852e439045f112903dd901b8fbea4d/lxml-6.0.1-cp312-cp312-musllinux_1_2_x86_64.whl", hash = "sha256:1e9dc2b9f1586e7cd77753eae81f8d76220eed9b768f337dc83a3f675f2f0cf9" },
    { url = "https://sixtynorthartifactory1.jfrog.io/artifactory/api/pypi/python-packages/packages/packages/bc/1f/962ea2696759abe331c3b0e838bb17e92224f39c638c2068bf0d8345e913/lxml-6.0.1-cp312-cp312-win32.whl", hash = "sha256:987ad5c3941c64031f59c226167f55a04d1272e76b241bfafc968bdb778e07fb" },
    { url = "https://sixtynorthartifactory1.jfrog.io/artifactory/api/pypi/python-packages/packages/packages/41/e2/22c86a990b51b44442b75c43ecb2f77b8daba8c4ba63696921966eac7022/lxml-6.0.1-cp312-cp312-win_amd64.whl", hash = "sha256:abb05a45394fd76bf4a60c1b7bec0e6d4e8dfc569fc0e0b1f634cd983a006ddc" },
    { url = "https://sixtynorthartifactory1.jfrog.io/artifactory/api/pypi/python-packages/packages/packages/b2/21/dc0c73325e5eb94ef9c9d60dbb5dcdcb2e7114901ea9509735614a74e75a/lxml-6.0.1-cp312-cp312-win_arm64.whl", hash = "sha256:c4be29bce35020d8579d60aa0a4e95effd66fcfce31c46ffddf7e5422f73a299" },
    { url = "https://sixtynorthartifactory1.jfrog.io/artifactory/api/pypi/python-packages/packages/packages/43/c4/cd757eeec4548e6652eff50b944079d18ce5f8182d2b2cf514e125e8fbcb/lxml-6.0.1-cp313-cp313-macosx_10_13_universal2.whl", hash = "sha256:485eda5d81bb7358db96a83546949c5fe7474bec6c68ef3fa1fb61a584b00eea" },
    { url = "https://sixtynorthartifactory1.jfrog.io/artifactory/api/pypi/python-packages/packages/packages/ff/99/0290bb86a7403893f5e9658490c705fcea103b9191f2039752b071b4ef07/lxml-6.0.1-cp313-cp313-macosx_10_13_x86_64.whl", hash = "sha256:d12160adea318ce3d118f0b4fbdff7d1225c75fb7749429541b4d217b85c3f76" },
    { url = "https://sixtynorthartifactory1.jfrog.io/artifactory/api/pypi/python-packages/packages/packages/88/a7/4bb54dd1e626342a0f7df6ec6ca44fdd5d0e100ace53acc00e9a689ead04/lxml-6.0.1-cp313-cp313-manylinux2014_aarch64.manylinux_2_17_aarch64.whl", hash = "sha256:48c8d335d8ab72f9265e7ba598ae5105a8272437403f4032107dbcb96d3f0b29" },
    { url = "https://sixtynorthartifactory1.jfrog.io/artifactory/api/pypi/python-packages/packages/packages/71/8d/20f51cd07a7cbef6214675a8a5c62b2559a36d9303fe511645108887c458/lxml-6.0.1-cp313-cp313-manylinux2014_x86_64.manylinux_2_17_x86_64.whl", hash = "sha256:405e7cf9dbdbb52722c231e0f1257214202dfa192327fab3de45fd62e0554082" },
    { url = "https://sixtynorthartifactory1.jfrog.io/artifactory/api/pypi/python-packages/packages/packages/5a/63/efceeee7245d45f97d548e48132258a36244d3c13c6e3ddbd04db95ff496/lxml-6.0.1-cp313-cp313-manylinux_2_26_aarch64.manylinux_2_28_aarch64.whl", hash = "sha256:299a790d403335a6a057ade46f92612ebab87b223e4e8c5308059f2dc36f45ed" },
    { url = "https://sixtynorthartifactory1.jfrog.io/artifactory/api/pypi/python-packages/packages/packages/57/5d/92cb3d3499f5caba17f7933e6be3b6c7de767b715081863337ced42eb5f2/lxml-6.0.1-cp313-cp313-manylinux_2_26_i686.manylinux_2_28_i686.whl", hash = "sha256:48da704672f6f9c461e9a73250440c647638cc6ff9567ead4c3b1f189a604ee8" },
    { url = "https://sixtynorthartifactory1.jfrog.io/artifactory/api/pypi/python-packages/packages/packages/69/f8/606fa16a05d7ef5e916c6481c634f40870db605caffed9d08b1a4fb6b989/lxml-6.0.1-cp313-cp313-manylinux_2_26_ppc64le.manylinux_2_28_ppc64le.whl", hash = "sha256:21e364e1bb731489e3f4d51db416f991a5d5da5d88184728d80ecfb0904b1d68" },
    { url = "https://sixtynorthartifactory1.jfrog.io/artifactory/api/pypi/python-packages/packages/packages/b3/01/15d5fc74ebb49eac4e5df031fbc50713dcc081f4e0068ed963a510b7d457/lxml-6.0.1-cp313-cp313-manylinux_2_26_x86_64.manylinux_2_28_x86_64.whl", hash = "sha256:1bce45a2c32032afddbd84ed8ab092130649acb935536ef7a9559636ce7ffd4a" },
    { url = "https://sixtynorthartifactory1.jfrog.io/artifactory/api/pypi/python-packages/packages/packages/42/a5/1b85e2aaaf8deaa67e04c33bddb41f8e73d07a077bf9db677cec7128bfb4/lxml-6.0.1-cp313-cp313-manylinux_2_31_armv7l.whl", hash = "sha256:fa164387ff20ab0e575fa909b11b92ff1481e6876835014e70280769920c4433" },
    { url = "https://sixtynorthartifactory1.jfrog.io/artifactory/api/pypi/python-packages/packages/packages/42/23/f3bb1292f55a725814317172eeb296615db3becac8f1a059b53c51fc1da8/lxml-6.0.1-cp313-cp313-manylinux_2_38_riscv64.manylinux_2_39_riscv64.whl", hash = "sha256:7587ac5e000e1594e62278422c5783b34a82b22f27688b1074d71376424b73e8" },
    { url = "https://sixtynorthartifactory1.jfrog.io/artifactory/api/pypi/python-packages/packages/packages/b4/be/4d768f581ccd0386d424bac615d9002d805df7cc8482ae07d529f60a3c1e/lxml-6.0.1-cp313-cp313-musllinux_1_2_aarch64.whl", hash = "sha256:57478424ac4c9170eabf540237125e8d30fad1940648924c058e7bc9fb9cf6dd" },
    { url = "https://sixtynorthartifactory1.jfrog.io/artifactory/api/pypi/python-packages/packages/packages/40/07/ed61d1a3e77d1a9f856c4fab15ee5c09a2853fb7af13b866bb469a3a6d42/lxml-6.0.1-cp313-cp313-musllinux_1_2_armv7l.whl", hash = "sha256:09c74afc7786c10dd6afaa0be2e4805866beadc18f1d843cf517a7851151b499" },
    { url = "https://sixtynorthartifactory1.jfrog.io/artifactory/api/pypi/python-packages/packages/packages/01/37/77e7971212e5c38a55431744f79dff27fd751771775165caea096d055ca4/lxml-6.0.1-cp313-cp313-musllinux_1_2_ppc64le.whl", hash = "sha256:7fd70681aeed83b196482d42a9b0dc5b13bab55668d09ad75ed26dff3be5a2f5" },
    { url = "https://sixtynorthartifactory1.jfrog.io/artifactory/api/pypi/python-packages/packages/packages/32/a3/e98806d483941cd9061cc838b1169626acef7b2807261fbe5e382fcef881/lxml-6.0.1-cp313-cp313-musllinux_1_2_riscv64.whl", hash = "sha256:10a72e456319b030b3dd900df6b1f19d89adf06ebb688821636dc406788cf6ac" },
    { url = "https://sixtynorthartifactory1.jfrog.io/artifactory/api/pypi/python-packages/packages/packages/07/de/9bb5a05e42e8623bf06b4638931ea8c8f5eb5a020fe31703abdbd2e83547/lxml-6.0.1-cp313-cp313-musllinux_1_2_x86_64.whl", hash = "sha256:b0fa45fb5f55111ce75b56c703843b36baaf65908f8b8d2fbbc0e249dbc127ed" },
    { url = "https://sixtynorthartifactory1.jfrog.io/artifactory/api/pypi/python-packages/packages/packages/f2/43/c1cb2a7c67226266c463ef8a53b82d42607228beb763b5fbf4867e88a21f/lxml-6.0.1-cp313-cp313-win32.whl", hash = "sha256:01dab65641201e00c69338c9c2b8a0f2f484b6b3a22d10779bb417599fae32b5" },
    { url = "https://sixtynorthartifactory1.jfrog.io/artifactory/api/pypi/python-packages/packages/packages/34/96/6a6c3b8aa480639c1a0b9b6faf2a63fb73ab79ffcd2a91cf28745faa22de/lxml-6.0.1-cp313-cp313-win_amd64.whl", hash = "sha256:bdf8f7c8502552d7bff9e4c98971910a0a59f60f88b5048f608d0a1a75e94d1c" },
    { url = "https://sixtynorthartifactory1.jfrog.io/artifactory/api/pypi/python-packages/packages/packages/8c/66/622e8515121e1fd773e3738dae71b8df14b12006d9fb554ce90886689fd0/lxml-6.0.1-cp313-cp313-win_arm64.whl", hash = "sha256:a6aeca75959426b9fd8d4782c28723ba224fe07cfa9f26a141004210528dcbe2" },
    { url = "https://sixtynorthartifactory1.jfrog.io/artifactory/api/pypi/python-packages/packages/packages/38/e3/b7eb612ce07abe766918a7e581ec6a0e5212352194001fd287c3ace945f0/lxml-6.0.1-cp314-cp314-macosx_10_13_universal2.whl", hash = "sha256:29b0e849ec7030e3ecb6112564c9f7ad6881e3b2375dd4a0c486c5c1f3a33859" },
    { url = "https://sixtynorthartifactory1.jfrog.io/artifactory/api/pypi/python-packages/packages/packages/35/8f/ab3639a33595cf284fe733c6526da2ca3afbc5fd7f244ae67f3303cec654/lxml-6.0.1-cp314-cp314-macosx_10_13_x86_64.whl", hash = "sha256:02a0f7e629f73cc0be598c8b0611bf28ec3b948c549578a26111b01307fd4051" },
    { url = "https://sixtynorthartifactory1.jfrog.io/artifactory/api/pypi/python-packages/packages/packages/2c/65/819d54f2e94d5c4458c1db8c1ccac9d05230b27c1038937d3d788eb406f9/lxml-6.0.1-cp314-cp314-manylinux2014_aarch64.manylinux_2_17_aarch64.whl", hash = "sha256:beab5e54de016e730875f612ba51e54c331e2fa6dc78ecf9a5415fc90d619348" },
    { url = "https://sixtynorthartifactory1.jfrog.io/artifactory/api/pypi/python-packages/packages/packages/5b/4a/d4a74ce942e60025cdaa883c5a4478921a99ce8607fc3130f1e349a83b28/lxml-6.0.1-cp314-cp314-manylinux2014_x86_64.manylinux_2_17_x86_64.whl", hash = "sha256:92a08aefecd19ecc4ebf053c27789dd92c87821df2583a4337131cf181a1dffa" },
    { url = "https://sixtynorthartifactory1.jfrog.io/artifactory/api/pypi/python-packages/packages/packages/cb/48/67f15461884074edd58af17b1827b983644d1fae83b3d909e9045a08b61e/lxml-6.0.1-cp314-cp314-manylinux_2_26_aarch64.manylinux_2_28_aarch64.whl", hash = "sha256:36c8fa7e177649470bc3dcf7eae6bee1e4984aaee496b9ccbf30e97ac4127fa2" },
    { url = "https://sixtynorthartifactory1.jfrog.io/artifactory/api/pypi/python-packages/packages/packages/b6/d4/ec1bf1614828a5492f4af0b6a9ee2eb3e92440aea3ac4fa158e5228b772b/lxml-6.0.1-cp314-cp314-manylinux_2_26_i686.manylinux_2_28_i686.whl", hash = "sha256:5d08e0f1af6916267bb7eff21c09fa105620f07712424aaae09e8cb5dd4164d1" },
    { url = "https://sixtynorthartifactory1.jfrog.io/artifactory/api/pypi/python-packages/packages/packages/65/2b/c85929dacac08821f2100cea3eb258ce5c8804a4e32b774f50ebd7592850/lxml-6.0.1-cp314-cp314-manylinux_2_26_ppc64le.manylinux_2_28_ppc64le.whl", hash = "sha256:9705cdfc05142f8c38c97a61bd3a29581ceceb973a014e302ee4a73cc6632476" },
    { url = "https://sixtynorthartifactory1.jfrog.io/artifactory/api/pypi/python-packages/packages/packages/d0/36/cf544d75c269b9aad16752fd9f02d8e171c5a493ca225cb46bb7ba72868c/lxml-6.0.1-cp314-cp314-manylinux_2_26_x86_64.manylinux_2_28_x86_64.whl", hash = "sha256:74555e2da7c1636e30bff4e6e38d862a634cf020ffa591f1f63da96bf8b34772" },
    { url = "https://sixtynorthartifactory1.jfrog.io/artifactory/api/pypi/python-packages/packages/packages/c2/e8/83dbc946ee598fd75fdeae6151a725ddeaab39bb321354a9468d4c9f44f3/lxml-6.0.1-cp314-cp314-manylinux_2_31_armv7l.whl", hash = "sha256:e38b5f94c5a2a5dadaddd50084098dfd005e5a2a56cd200aaf5e0a20e8941782" },
    { url = "https://sixtynorthartifactory1.jfrog.io/artifactory/api/pypi/python-packages/packages/packages/f4/72/889c633b47c06205743ba935f4d1f5aa4eb7f0325d701ed2b0540df1b004/lxml-6.0.1-cp314-cp314-manylinux_2_38_riscv64.manylinux_2_39_riscv64.whl", hash = "sha256:a5ec101a92ddacb4791977acfc86c1afd624c032974bfb6a21269d1083c9bc49" },
    { url = "https://sixtynorthartifactory1.jfrog.io/artifactory/api/pypi/python-packages/packages/packages/b0/b6/f42a21a1428479b66ea0da7bd13e370436aecaff0cfe93270c7e165bd2a4/lxml-6.0.1-cp314-cp314-musllinux_1_2_aarch64.whl", hash = "sha256:5c17e70c82fd777df586c12114bbe56e4e6f823a971814fd40dec9c0de518772" },
    { url = "https://sixtynorthartifactory1.jfrog.io/artifactory/api/pypi/python-packages/packages/packages/51/b0/5f8c1e8890e2ee1c2053c2eadd1cb0e4b79e2304e2912385f6ca666f48b1/lxml-6.0.1-cp314-cp314-musllinux_1_2_armv7l.whl", hash = "sha256:45fdd0415a0c3d91640b5d7a650a8f37410966a2e9afebb35979d06166fd010e" },
    { url = "https://sixtynorthartifactory1.jfrog.io/artifactory/api/pypi/python-packages/packages/packages/eb/f9/820b5125660dae489ca3a21a36d9da2e75dd6b5ffe922088f94bbff3b8a0/lxml-6.0.1-cp314-cp314-musllinux_1_2_ppc64le.whl", hash = "sha256:d417eba28981e720a14fcb98f95e44e7a772fe25982e584db38e5d3b6ee02e79" },
    { url = "https://sixtynorthartifactory1.jfrog.io/artifactory/api/pypi/python-packages/packages/packages/23/8e/a557fae9eec236618aecf9ff35fec18df41b6556d825f3ad6017d9f6e878/lxml-6.0.1-cp314-cp314-musllinux_1_2_riscv64.whl", hash = "sha256:8e5d116b9e59be7934febb12c41cce2038491ec8fdb743aeacaaf36d6e7597e4" },
    { url = "https://sixtynorthartifactory1.jfrog.io/artifactory/api/pypi/python-packages/packages/packages/fa/fd/b266cfaab81d93a539040be699b5854dd24c84e523a1711ee5f615aa7000/lxml-6.0.1-cp314-cp314-musllinux_1_2_x86_64.whl", hash = "sha256:c238f0d0d40fdcb695c439fe5787fa69d40f45789326b3bb6ef0d61c4b588d6e" },
    { url = "https://sixtynorthartifactory1.jfrog.io/artifactory/api/pypi/python-packages/packages/packages/25/6c/6f9610fbf1de002048e80585ea4719591921a0316a8565968737d9f125ca/lxml-6.0.1-cp314-cp314-win32.whl", hash = "sha256:537b6cf1c5ab88cfd159195d412edb3e434fee880f206cbe68dff9c40e17a68a" },
    { url = "https://sixtynorthartifactory1.jfrog.io/artifactory/api/pypi/python-packages/packages/packages/72/a5/506775e3988677db24dc75a7b03e04038e0b3d114ccd4bccea4ce0116c15/lxml-6.0.1-cp314-cp314-win_amd64.whl", hash = "sha256:911d0a2bb3ef3df55b3d97ab325a9ca7e438d5112c102b8495321105d25a441b" },
    { url = "https://sixtynorthartifactory1.jfrog.io/artifactory/api/pypi/python-packages/packages/packages/0a/44/9613f300201b8700215856e5edd056d4e58dd23368699196b58877d4408b/lxml-6.0.1-cp314-cp314-win_arm64.whl", hash = "sha256:2834377b0145a471a654d699bdb3a2155312de492142ef5a1d426af2c60a0a31" },
]

[[package]]
name = "markuplift"
version = "0.1.0"
source = { editable = "." }
dependencies = [
    { name = "approvaltests" },
    { name = "click" },
    { name = "lxml" },
    { name = "pytest" },
]

[package.optional-dependencies]
dev = [
    { name = "pytest" },
]

[package.metadata]
requires-dist = [
    { name = "approvaltests", specifier = ">=15.3.2" },
    { name = "click", specifier = ">=8.2.1" },
    { name = "lxml", specifier = ">=6.0.1" },
    { name = "pytest", specifier = ">=8.4.1" },
    { name = "pytest", marker = "extra == 'dev'", specifier = ">=8.4.1" },
]
provides-extras = ["dev"]

[[package]]
name = "mock"
version = "5.2.0"
source = { registry = "https://sixtynorthartifactory1.jfrog.io/artifactory/api/pypi/python-packages/simple" }
sdist = { url = "https://sixtynorthartifactory1.jfrog.io/artifactory/api/pypi/python-packages/packages/packages/07/8c/14c2ae915e5f9dca5a22edd68b35be94400719ccfa068a03e0fb63d0f6f6/mock-5.2.0.tar.gz", hash = "sha256:4e460e818629b4b173f32d08bf30d3af8123afbb8e04bb5707a1fd4799e503f0" }
wheels = [
    { url = "https://sixtynorthartifactory1.jfrog.io/artifactory/api/pypi/python-packages/packages/packages/bd/d9/617e6af809bf3a1d468e0d58c3997b1dc219a9a9202e650d30c2fc85d481/mock-5.2.0-py3-none-any.whl", hash = "sha256:7ba87f72ca0e915175596069dbbcc7c75af7b5e9b9bc107ad6349ede0819982f" },
]

[[package]]
name = "packaging"
version = "25.0"
source = { registry = "https://sixtynorthartifactory1.jfrog.io/artifactory/api/pypi/python-packages/simple" }
sdist = { url = "https://sixtynorthartifactory1.jfrog.io/artifactory/api/pypi/python-packages/packages/packages/a1/d4/1fc4078c65507b51b96ca8f8c3ba19e6a61c8253c72794544580a7b6c24d/packaging-25.0.tar.gz", hash = "sha256:d443872c98d677bf60f6a1f2f8c1cb748e8fe762d2bf9d3148b5599295b0fc4f" }
wheels = [
    { url = "https://sixtynorthartifactory1.jfrog.io/artifactory/api/pypi/python-packages/packages/packages/20/12/38679034af332785aac8774540895e234f4d07f7545804097de4b666afd8/packaging-25.0-py3-none-any.whl", hash = "sha256:29572ef2b1f17581046b3a2227d5c611fb25ec70ca1ba8554b24b0e69331a484" },
]

[[package]]
name = "pluggy"
version = "1.6.0"
source = { registry = "https://sixtynorthartifactory1.jfrog.io/artifactory/api/pypi/python-packages/simple" }
sdist = { url = "https://sixtynorthartifactory1.jfrog.io/artifactory/api/pypi/python-packages/packages/packages/f9/e2/3e91f31a7d2b083fe6ef3fa267035b518369d9511ffab804f839851d2779/pluggy-1.6.0.tar.gz", hash = "sha256:7dcc130b76258d33b90f61b658791dede3486c3e6bfb003ee5c9bfb396dd22f3" }
wheels = [
    { url = "https://sixtynorthartifactory1.jfrog.io/artifactory/api/pypi/python-packages/packages/packages/54/20/4d324d65cc6d9205fabedc306948156824eb9f0ee1633355a8f7ec5c66bf/pluggy-1.6.0-py3-none-any.whl", hash = "sha256:e920276dd6813095e9377c0bc5566d94c932c33b27a3e3945d8389c374dd4746" },
]

[[package]]
name = "pygments"
version = "2.19.2"
source = { registry = "https://sixtynorthartifactory1.jfrog.io/artifactory/api/pypi/python-packages/simple" }
sdist = { url = "https://sixtynorthartifactory1.jfrog.io/artifactory/api/pypi/python-packages/packages/packages/b0/77/a5b8c569bf593b0140bde72ea885a803b82086995367bf2037de0159d924/pygments-2.19.2.tar.gz", hash = "sha256:636cb2477cec7f8952536970bc533bc43743542f70392ae026374600add5b887" }
wheels = [
    { url = "https://sixtynorthartifactory1.jfrog.io/artifactory/api/pypi/python-packages/packages/packages/c7/21/705964c7812476f378728bdf590ca4b771ec72385c533964653c68e86bdc/pygments-2.19.2-py3-none-any.whl", hash = "sha256:86540386c03d588bb81d44bc3928634ff26449851e99741617ecb9037ee5ec0b" },
]

[[package]]
name = "pyperclip"
version = "1.9.0"
source = { registry = "https://sixtynorthartifactory1.jfrog.io/artifactory/api/pypi/python-packages/simple" }
sdist = { url = "https://sixtynorthartifactory1.jfrog.io/artifactory/api/pypi/python-packages/packages/packages/30/23/2f0a3efc4d6a32f3b63cdff36cd398d9701d26cda58e3ab97ac79fb5e60d/pyperclip-1.9.0.tar.gz", hash = "sha256:b7de0142ddc81bfc5c7507eea19da920b92252b548b96186caf94a5e2527d310" }

[[package]]
name = "pytest"
version = "8.4.1"
source = { registry = "https://sixtynorthartifactory1.jfrog.io/artifactory/api/pypi/python-packages/simple" }
dependencies = [
    { name = "colorama", marker = "sys_platform == 'win32'" },
    { name = "iniconfig" },
    { name = "packaging" },
    { name = "pluggy" },
    { name = "pygments" },
]
sdist = { url = "https://sixtynorthartifactory1.jfrog.io/artifactory/api/pypi/python-packages/packages/packages/08/ba/45911d754e8eba3d5a841a5ce61a65a685ff1798421ac054f85aa8747dfb/pytest-8.4.1.tar.gz", hash = "sha256:7c67fd69174877359ed9371ec3af8a3d2b04741818c51e5e99cc1742251fa93c" }
wheels = [
    { url = "https://sixtynorthartifactory1.jfrog.io/artifactory/api/pypi/python-packages/packages/packages/29/16/c8a903f4c4dffe7a12843191437d7cd8e32751d5de349d45d3fe69544e87/pytest-8.4.1-py3-none-any.whl", hash = "sha256:539c70ba6fcead8e78eebbf1115e8b589e7565830d7d006a8723f19ac8a0afb7" },
]

[[package]]
name = "requests"
version = "2.32.5"
source = { registry = "https://sixtynorthartifactory1.jfrog.io/artifactory/api/pypi/python-packages/simple" }
dependencies = [
    { name = "certifi" },
    { name = "charset-normalizer" },
    { name = "idna" },
    { name = "urllib3" },
]
sdist = { url = "https://sixtynorthartifactory1.jfrog.io/artifactory/api/pypi/python-packages/packages/packages/c9/74/b3ff8e6c8446842c3f5c837e9c3dfcfe2018ea6ecef224c710c85ef728f4/requests-2.32.5.tar.gz", hash = "sha256:dbba0bac56e100853db0ea71b82b4dfd5fe2bf6d3754a8893c3af500cec7d7cf" }
wheels = [
    { url = "https://sixtynorthartifactory1.jfrog.io/artifactory/api/pypi/python-packages/packages/packages/1e/db/4254e3eabe8020b458f1a747140d32277ec7a271daf1d235b70dc0b4e6e3/requests-2.32.5-py3-none-any.whl", hash = "sha256:2462f94637a34fd532264295e186976db0f5d453d1cdd31473c85a6a161affb6" },
]

[[package]]
name = "soupsieve"
version = "2.8"
source = { registry = "https://sixtynorthartifactory1.jfrog.io/artifactory/api/pypi/python-packages/simple" }
sdist = { url = "https://sixtynorthartifactory1.jfrog.io/artifactory/api/pypi/python-packages/packages/packages/6d/e6/21ccce3262dd4889aa3332e5a119a3491a95e8f60939870a3a035aabac0d/soupsieve-2.8.tar.gz", hash = "sha256:e2dd4a40a628cb5f28f6d4b0db8800b8f581b65bb380b97de22ba5ca8d72572f" }
wheels = [
    { url = "https://sixtynorthartifactory1.jfrog.io/artifactory/api/pypi/python-packages/packages/packages/14/a0/bb38d3b76b8cae341dad93a2dd83ab7462e6dbcdd84d43f54ee60a8dc167/soupsieve-2.8-py3-none-any.whl", hash = "sha256:0cc76456a30e20f5d7f2e14a98a4ae2ee4e5abdc7c5ea0aafe795f344bc7984c" },
]

[[package]]
name = "testfixtures"
version = "9.1.0"
source = { registry = "https://sixtynorthartifactory1.jfrog.io/artifactory/api/pypi/python-packages/simple" }
sdist = { url = "https://sixtynorthartifactory1.jfrog.io/artifactory/api/pypi/python-packages/packages/packages/76/37/1084db985a7bda417f012570f369d18a6b4afbc59bc423908d0219c38188/testfixtures-9.1.0.tar.gz", hash = "sha256:517e9cf353942723533ae1100ca45dd27fe0785c3ad2765075f5cb1cbce01482" }
wheels = [
    { url = "https://sixtynorthartifactory1.jfrog.io/artifactory/api/pypi/python-packages/packages/packages/f3/b6/c60e4a39c6bc717e7c08d1428e2bf53e735bbb020563c91d7f272aa552b1/testfixtures-9.1.0-py3-none-any.whl", hash = "sha256:2f4786194cd92b0b2f2f2d29f72346bdd0191baae58532532b7bfcaecd59ba02" },
]

[[package]]
name = "typing-extensions"
version = "4.15.0"
source = { registry = "https://sixtynorthartifactory1.jfrog.io/artifactory/api/pypi/python-packages/simple" }
sdist = { url = "https://sixtynorthartifactory1.jfrog.io/artifactory/api/pypi/python-packages/packages/packages/72/94/1a15dd82efb362ac84269196e94cf00f187f7ed21c242792a923cdb1c61f/typing_extensions-4.15.0.tar.gz", hash = "sha256:0cea48d173cc12fa28ecabc3b837ea3cf6f38c6d1136f85cbaaf598984861466" }
wheels = [
    { url = "https://sixtynorthartifactory1.jfrog.io/artifactory/api/pypi/python-packages/packages/packages/18/67/36e9267722cc04a6b9f15c7f3441c2363321a3ea07da7ae0c0707beb2a9c/typing_extensions-4.15.0-py3-none-any.whl", hash = "sha256:f0fa19c6845758ab08074a0cfa8b7aecb71c999ca73d62883bc25cc018c4e548" },
]

[[package]]
name = "urllib3"
version = "2.5.0"
source = { registry = "https://sixtynorthartifactory1.jfrog.io/artifactory/api/pypi/python-packages/simple" }
sdist = { url = "https://sixtynorthartifactory1.jfrog.io/artifactory/api/pypi/python-packages/packages/packages/15/22/9ee70a2574a4f4599c47dd506532914ce044817c7752a79b6a51286319bc/urllib3-2.5.0.tar.gz", hash = "sha256:3fc47733c7e419d4bc3f6b3dc2b4f890bb743906a30d56ba4a5bfa4bbff92760" }
wheels = [
    { url = "https://sixtynorthartifactory1.jfrog.io/artifactory/api/pypi/python-packages/packages/packages/a7/c2/fe1e52489ae3122415c51f387e221dd0773709bad6c6cdaa599e8a2c5185/urllib3-2.5.0-py3-none-any.whl", hash = "sha256:e6b01673c0fa6a13e374b50871808eb3bf7046c4b125b216f6bf1cc604cff0dc" },
]
